// !$*UTF8*$!
{
	archiveVersion = 1;
	classes = {
	};
	objectVersion = 46;
	objects = {

/* Begin PBXBuildFile section */
		C334F4CE1CA2EDC500FCDE74 /* AppDelegate.swift in Sources */ = {isa = PBXBuildFile; fileRef = C334F4CD1CA2EDC500FCDE74 /* AppDelegate.swift */; };
		C334F4D01CA2EDC500FCDE74 /* ViewController.swift in Sources */ = {isa = PBXBuildFile; fileRef = C334F4CF1CA2EDC500FCDE74 /* ViewController.swift */; };
		C334F4D31CA2EDC500FCDE74 /* Main.storyboard in Resources */ = {isa = PBXBuildFile; fileRef = C334F4D11CA2EDC500FCDE74 /* Main.storyboard */; };
		C334F4D51CA2EDC500FCDE74 /* Assets.xcassets in Resources */ = {isa = PBXBuildFile; fileRef = C334F4D41CA2EDC500FCDE74 /* Assets.xcassets */; };
		C334F4D81CA2EDC500FCDE74 /* LaunchScreen.storyboard in Resources */ = {isa = PBXBuildFile; fileRef = C334F4D61CA2EDC500FCDE74 /* LaunchScreen.storyboard */; };
		C334F4E31CA2EDC500FCDE74 /* CollectionViewExampleProjectTests.swift in Sources */ = {isa = PBXBuildFile; fileRef = C334F4E21CA2EDC500FCDE74 /* CollectionViewExampleProjectTests.swift */; };
		C334F4EE1CA2EDC500FCDE74 /* CollectionViewExampleProjectUITests.swift in Sources */ = {isa = PBXBuildFile; fileRef = C334F4ED1CA2EDC500FCDE74 /* CollectionViewExampleProjectUITests.swift */; };
/* End PBXBuildFile section */

/* Begin PBXContainerItemProxy section */
		C334F4DF1CA2EDC500FCDE74 /* PBXContainerItemProxy */ = {
			isa = PBXContainerItemProxy;
			containerPortal = C334F4C21CA2EDC500FCDE74 /* Project object */;
			proxyType = 1;
			remoteGlobalIDString = C334F4C91CA2EDC500FCDE74;
			remoteInfo = CollectionViewExampleProject;
		};
		C334F4EA1CA2EDC500FCDE74 /* PBXContainerItemProxy */ = {
			isa = PBXContainerItemProxy;
			containerPortal = C334F4C21CA2EDC500FCDE74 /* Project object */;
			proxyType = 1;
			remoteGlobalIDString = C334F4C91CA2EDC500FCDE74;
			remoteInfo = CollectionViewExampleProject;
		};
/* End PBXContainerItemProxy section */

/* Begin PBXFileReference section */
		C334F4CA1CA2EDC500FCDE74 /* CollectionViewExampleProject.app */ = {isa = PBXFileReference; explicitFileType = wrapper.application; includeInIndex = 0; path = CollectionViewExampleProject.app; sourceTree = BUILT_PRODUCTS_DIR; };
		C334F4CD1CA2EDC500FCDE74 /* AppDelegate.swift */ = {isa = PBXFileReference; lastKnownFileType = sourcecode.swift; path = AppDelegate.swift; sourceTree = "<group>"; };
		C334F4CF1CA2EDC500FCDE74 /* ViewController.swift */ = {isa = PBXFileReference; lastKnownFileType = sourcecode.swift; path = ViewController.swift; sourceTree = "<group>"; };
		C334F4D21CA2EDC500FCDE74 /* Base */ = {isa = PBXFileReference; lastKnownFileType = file.storyboard; name = Base; path = Base.lproj/Main.storyboard; sourceTree = "<group>"; };
		C334F4D41CA2EDC500FCDE74 /* Assets.xcassets */ = {isa = PBXFileReference; lastKnownFileType = folder.assetcatalog; path = Assets.xcassets; sourceTree = "<group>"; };
		C334F4D71CA2EDC500FCDE74 /* Base */ = {isa = PBXFileReference; lastKnownFileType = file.storyboard; name = Base; path = Base.lproj/LaunchScreen.storyboard; sourceTree = "<group>"; };
		C334F4D91CA2EDC500FCDE74 /* Info.plist */ = {isa = PBXFileReference; lastKnownFileType = text.plist.xml; path = Info.plist; sourceTree = "<group>"; };
		C334F4DE1CA2EDC500FCDE74 /* CollectionViewExampleProjectTests.xctest */ = {isa = PBXFileReference; explicitFileType = wrapper.cfbundle; includeInIndex = 0; path = CollectionViewExampleProjectTests.xctest; sourceTree = BUILT_PRODUCTS_DIR; };
		C334F4E21CA2EDC500FCDE74 /* CollectionViewExampleProjectTests.swift */ = {isa = PBXFileReference; lastKnownFileType = sourcecode.swift; path = CollectionViewExampleProjectTests.swift; sourceTree = "<group>"; };
		C334F4E41CA2EDC500FCDE74 /* Info.plist */ = {isa = PBXFileReference; lastKnownFileType = text.plist.xml; path = Info.plist; sourceTree = "<group>"; };
		C334F4E91CA2EDC500FCDE74 /* CollectionViewExampleProjectUITests.xctest */ = {isa = PBXFileReference; explicitFileType = wrapper.cfbundle; includeInIndex = 0; path = CollectionViewExampleProjectUITests.xctest; sourceTree = BUILT_PRODUCTS_DIR; };
		C334F4ED1CA2EDC500FCDE74 /* CollectionViewExampleProjectUITests.swift */ = {isa = PBXFileReference; lastKnownFileType = sourcecode.swift; path = CollectionViewExampleProjectUITests.swift; sourceTree = "<group>"; };
		C334F4EF1CA2EDC500FCDE74 /* Info.plist */ = {isa = PBXFileReference; lastKnownFileType = text.plist.xml; path = Info.plist; sourceTree = "<group>"; };
/* End PBXFileReference section */

/* Begin PBXFrameworksBuildPhase section */
		C334F4C71CA2EDC500FCDE74 /* Frameworks */ = {
			isa = PBXFrameworksBuildPhase;
			buildActionMask = 2147483647;
			files = (
			);
			runOnlyForDeploymentPostprocessing = 0;
		};
		C334F4DB1CA2EDC500FCDE74 /* Frameworks */ = {
			isa = PBXFrameworksBuildPhase;
			buildActionMask = 2147483647;
			files = (
			);
			runOnlyForDeploymentPostprocessing = 0;
		};
		C334F4E61CA2EDC500FCDE74 /* Frameworks */ = {
			isa = PBXFrameworksBuildPhase;
			buildActionMask = 2147483647;
			files = (
			);
			runOnlyForDeploymentPostprocessing = 0;
		};
/* End PBXFrameworksBuildPhase section */

/* Begin PBXGroup section */
		C334F4C11CA2EDC500FCDE74 = {
			isa = PBXGroup;
			children = (
				C334F4CC1CA2EDC500FCDE74 /* CollectionViewExampleProject */,
				C334F4E11CA2EDC500FCDE74 /* CollectionViewExampleProjectTests */,
				C334F4EC1CA2EDC500FCDE74 /* CollectionViewExampleProjectUITests */,
				C334F4CB1CA2EDC500FCDE74 /* Products */,
			);
			sourceTree = "<group>";
		};
		C334F4CB1CA2EDC500FCDE74 /* Products */ = {
			isa = PBXGroup;
			children = (
				C334F4CA1CA2EDC500FCDE74 /* CollectionViewExampleProject.app */,
				C334F4DE1CA2EDC500FCDE74 /* CollectionViewExampleProjectTests.xctest */,
				C334F4E91CA2EDC500FCDE74 /* CollectionViewExampleProjectUITests.xctest */,
			);
			name = Products;
			sourceTree = "<group>";
		};
		C334F4CC1CA2EDC500FCDE74 /* CollectionViewExampleProject */ = {
			isa = PBXGroup;
			children = (
				C334F4CD1CA2EDC500FCDE74 /* AppDelegate.swift */,
				C334F4CF1CA2EDC500FCDE74 /* ViewController.swift */,
				C334F4D11CA2EDC500FCDE74 /* Main.storyboard */,
				C334F4D41CA2EDC500FCDE74 /* Assets.xcassets */,
				C334F4D61CA2EDC500FCDE74 /* LaunchScreen.storyboard */,
				C334F4D91CA2EDC500FCDE74 /* Info.plist */,
			);
			path = CollectionViewExampleProject;
			sourceTree = "<group>";
		};
		C334F4E11CA2EDC500FCDE74 /* CollectionViewExampleProjectTests */ = {
			isa = PBXGroup;
			children = (
				C334F4E21CA2EDC500FCDE74 /* CollectionViewExampleProjectTests.swift */,
				C334F4E41CA2EDC500FCDE74 /* Info.plist */,
			);
			path = CollectionViewExampleProjectTests;
			sourceTree = "<group>";
		};
		C334F4EC1CA2EDC500FCDE74 /* CollectionViewExampleProjectUITests */ = {
			isa = PBXGroup;
			children = (
				C334F4ED1CA2EDC500FCDE74 /* CollectionViewExampleProjectUITests.swift */,
				C334F4EF1CA2EDC500FCDE74 /* Info.plist */,
			);
			path = CollectionViewExampleProjectUITests;
			sourceTree = "<group>";
		};
/* End PBXGroup section */

/* Begin PBXNativeTarget section */
		C334F4C91CA2EDC500FCDE74 /* CollectionViewExampleProject */ = {
			isa = PBXNativeTarget;
			buildConfigurationList = C334F4F21CA2EDC500FCDE74 /* Build configuration list for PBXNativeTarget "CollectionViewExampleProject" */;
			buildPhases = (
				C334F4C61CA2EDC500FCDE74 /* Sources */,
				C334F4C71CA2EDC500FCDE74 /* Frameworks */,
				C334F4C81CA2EDC500FCDE74 /* Resources */,
			);
			buildRules = (
			);
			dependencies = (
			);
			name = CollectionViewExampleProject;
			productName = CollectionViewExampleProject;
			productReference = C334F4CA1CA2EDC500FCDE74 /* CollectionViewExampleProject.app */;
			productType = "com.apple.product-type.application";
		};
		C334F4DD1CA2EDC500FCDE74 /* CollectionViewExampleProjectTests */ = {
			isa = PBXNativeTarget;
			buildConfigurationList = C334F4F51CA2EDC500FCDE74 /* Build configuration list for PBXNativeTarget "CollectionViewExampleProjectTests" */;
			buildPhases = (
				C334F4DA1CA2EDC500FCDE74 /* Sources */,
				C334F4DB1CA2EDC500FCDE74 /* Frameworks */,
				C334F4DC1CA2EDC500FCDE74 /* Resources */,
			);
			buildRules = (
			);
			dependencies = (
				C334F4E01CA2EDC500FCDE74 /* PBXTargetDependency */,
			);
			name = CollectionViewExampleProjectTests;
			productName = CollectionViewExampleProjectTests;
			productReference = C334F4DE1CA2EDC500FCDE74 /* CollectionViewExampleProjectTests.xctest */;
			productType = "com.apple.product-type.bundle.unit-test";
		};
		C334F4E81CA2EDC500FCDE74 /* CollectionViewExampleProjectUITests */ = {
			isa = PBXNativeTarget;
			buildConfigurationList = C334F4F81CA2EDC500FCDE74 /* Build configuration list for PBXNativeTarget "CollectionViewExampleProjectUITests" */;
			buildPhases = (
				C334F4E51CA2EDC500FCDE74 /* Sources */,
				C334F4E61CA2EDC500FCDE74 /* Frameworks */,
				C334F4E71CA2EDC500FCDE74 /* Resources */,
			);
			buildRules = (
			);
			dependencies = (
				C334F4EB1CA2EDC500FCDE74 /* PBXTargetDependency */,
			);
			name = CollectionViewExampleProjectUITests;
			productName = CollectionViewExampleProjectUITests;
			productReference = C334F4E91CA2EDC500FCDE74 /* CollectionViewExampleProjectUITests.xctest */;
			productType = "com.apple.product-type.bundle.ui-testing";
		};
/* End PBXNativeTarget section */

/* Begin PBXProject section */
		C334F4C21CA2EDC500FCDE74 /* Project object */ = {
			isa = PBXProject;
			attributes = {
				LastSwiftUpdateCheck = 0720;
				LastUpgradeCheck = 0720;
				ORGANIZATIONNAME = "Elina Samardjieva";
				TargetAttributes = {
					C334F4C91CA2EDC500FCDE74 = {
						CreatedOnToolsVersion = 7.2.1;
					};
					C334F4DD1CA2EDC500FCDE74 = {
						CreatedOnToolsVersion = 7.2.1;
						TestTargetID = C334F4C91CA2EDC500FCDE74;
					};
					C334F4E81CA2EDC500FCDE74 = {
						CreatedOnToolsVersion = 7.2.1;
						TestTargetID = C334F4C91CA2EDC500FCDE74;
					};
				};
			};
			buildConfigurationList = C334F4C51CA2EDC500FCDE74 /* Build configuration list for PBXProject "CollectionViewExampleProject" */;
			compatibilityVersion = "Xcode 3.2";
			developmentRegion = English;
			hasScannedForEncodings = 0;
			knownRegions = (
				en,
				Base,
			);
			mainGroup = C334F4C11CA2EDC500FCDE74;
			productRefGroup = C334F4CB1CA2EDC500FCDE74 /* Products */;
			projectDirPath = "";
			projectRoot = "";
			targets = (
				C334F4C91CA2EDC500FCDE74 /* CollectionViewExampleProject */,
				C334F4DD1CA2EDC500FCDE74 /* CollectionViewExampleProjectTests */,
				C334F4E81CA2EDC500FCDE74 /* CollectionViewExampleProjectUITests */,
			);
		};
/* End PBXProject section */

/* Begin PBXResourcesBuildPhase section */
		C334F4C81CA2EDC500FCDE74 /* Resources */ = {
			isa = PBXResourcesBuildPhase;
			buildActionMask = 2147483647;
			files = (
				C334F4D81CA2EDC500FCDE74 /* LaunchScreen.storyboard in Resources */,
				C334F4D51CA2EDC500FCDE74 /* Assets.xcassets in Resources */,
				C334F4D31CA2EDC500FCDE74 /* Main.storyboard in Resources */,
			);
			runOnlyForDeploymentPostprocessing = 0;
		};
		C334F4DC1CA2EDC500FCDE74 /* Resources */ = {
			isa = PBXResourcesBuildPhase;
			buildActionMask = 2147483647;
			files = (
			);
			runOnlyForDeploymentPostprocessing = 0;
		};
		C334F4E71CA2EDC500FCDE74 /* Resources */ = {
			isa = PBXResourcesBuildPhase;
			buildActionMask = 2147483647;
			files = (
			);
			runOnlyForDeploymentPostprocessing = 0;
		};
/* End PBXResourcesBuildPhase section */

/* Begin PBXSourcesBuildPhase section */
		C334F4C61CA2EDC500FCDE74 /* Sources */ = {
			isa = PBXSourcesBuildPhase;
			buildActionMask = 2147483647;
			files = (
				C334F4D01CA2EDC500FCDE74 /* ViewController.swift in Sources */,
				C334F4CE1CA2EDC500FCDE74 /* AppDelegate.swift in Sources */,
			);
			runOnlyForDeploymentPostprocessing = 0;
		};
		C334F4DA1CA2EDC500FCDE74 /* Sources */ = {
			isa = PBXSourcesBuildPhase;
			buildActionMask = 2147483647;
			files = (
				C334F4E31CA2EDC500FCDE74 /* CollectionViewExampleProjectTests.swift in Sources */,
			);
			runOnlyForDeploymentPostprocessing = 0;
		};
		C334F4E51CA2EDC500FCDE74 /* Sources */ = {
			isa = PBXSourcesBuildPhase;
			buildActionMask = 2147483647;
			files = (
				C334F4EE1CA2EDC500FCDE74 /* CollectionViewExampleProjectUITests.swift in Sources */,
			);
			runOnlyForDeploymentPostprocessing = 0;
		};
/* End PBXSourcesBuildPhase section */

/* Begin PBXTargetDependency section */
		C334F4E01CA2EDC500FCDE74 /* PBXTargetDependency */ = {
			isa = PBXTargetDependency;
			target = C334F4C91CA2EDC500FCDE74 /* CollectionViewExampleProject */;
			targetProxy = C334F4DF1CA2EDC500FCDE74 /* PBXContainerItemProxy */;
		};
		C334F4EB1CA2EDC500FCDE74 /* PBXTargetDependency */ = {
			isa = PBXTargetDependency;
			target = C334F4C91CA2EDC500FCDE74 /* CollectionViewExampleProject */;
			targetProxy = C334F4EA1CA2EDC500FCDE74 /* PBXContainerItemProxy */;
		};
/* End PBXTargetDependency section */

/* Begin PBXVariantGroup section */
		C334F4D11CA2EDC500FCDE74 /* Main.storyboard */ = {
			isa = PBXVariantGroup;
			children = (
				C334F4D21CA2EDC500FCDE74 /* Base */,
			);
			name = Main.storyboard;
			sourceTree = "<group>";
		};
		C334F4D61CA2EDC500FCDE74 /* LaunchScreen.storyboard */ = {
			isa = PBXVariantGroup;
			children = (
				C334F4D71CA2EDC500FCDE74 /* Base */,
			);
			name = LaunchScreen.storyboard;
			sourceTree = "<group>";
		};
/* End PBXVariantGroup section */

/* Begin XCBuildConfiguration section */
		C334F4F01CA2EDC500FCDE74 /* Debug */ = {
			isa = XCBuildConfiguration;
			buildSettings = {
				ALWAYS_SEARCH_USER_PATHS = NO;
				CLANG_CXX_LANGUAGE_STANDARD = "gnu++0x";
				CLANG_CXX_LIBRARY = "libc++";
				CLANG_ENABLE_MODULES = YES;
				CLANG_ENABLE_OBJC_ARC = YES;
				CLANG_WARN_BOOL_CONVERSION = YES;
				CLANG_WARN_CONSTANT_CONVERSION = YES;
				CLANG_WARN_DIRECT_OBJC_ISA_USAGE = YES_ERROR;
				CLANG_WARN_EMPTY_BODY = YES;
				CLANG_WARN_ENUM_CONVERSION = YES;
				CLANG_WARN_INT_CONVERSION = YES;
				CLANG_WARN_OBJC_ROOT_CLASS = YES_ERROR;
				CLANG_WARN_UNREACHABLE_CODE = YES;
				CLANG_WARN__DUPLICATE_METHOD_MATCH = YES;
				"CODE_SIGN_IDENTITY[sdk=iphoneos*]" = "iPhone Developer";
				COPY_PHASE_STRIP = NO;
				DEBUG_INFORMATION_FORMAT = dwarf;
				ENABLE_STRICT_OBJC_MSGSEND = YES;
				ENABLE_TESTABILITY = YES;
				GCC_C_LANGUAGE_STANDARD = gnu99;
				GCC_DYNAMIC_NO_PIC = NO;
				GCC_NO_COMMON_BLOCKS = YES;
				GCC_OPTIMIZATION_LEVEL = 0;
				GCC_PREPROCESSOR_DEFINITIONS = (
					"DEBUG=1",
					"$(inherited)",
				);
				GCC_WARN_64_TO_32_BIT_CONVERSION = YES;
				GCC_WARN_ABOUT_RETURN_TYPE = YES_ERROR;
				GCC_WARN_UNDECLARED_SELECTOR = YES;
				GCC_WARN_UNINITIALIZED_AUTOS = YES_AGGRESSIVE;
				GCC_WARN_UNUSED_FUNCTION = YES;
				GCC_WARN_UNUSED_VARIABLE = YES;
				IPHONEOS_DEPLOYMENT_TARGET = 9.2;
				MTL_ENABLE_DEBUG_INFO = YES;
				ONLY_ACTIVE_ARCH = YES;
				SDKROOT = iphoneos;
				SWIFT_OPTIMIZATION_LEVEL = "-Onone";
				TARGETED_DEVICE_FAMILY = "1,2";
			};
			name = Debug;
		};
		C334F4F11CA2EDC500FCDE74 /* Release */ = {
			isa = XCBuildConfiguration;
			buildSettings = {
				ALWAYS_SEARCH_USER_PATHS = NO;
				CLANG_CXX_LANGUAGE_STANDARD = "gnu++0x";
				CLANG_CXX_LIBRARY = "libc++";
				CLANG_ENABLE_MODULES = YES;
				CLANG_ENABLE_OBJC_ARC = YES;
				CLANG_WARN_BOOL_CONVERSION = YES;
				CLANG_WARN_CONSTANT_CONVERSION = YES;
				CLANG_WARN_DIRECT_OBJC_ISA_USAGE = YES_ERROR;
				CLANG_WARN_EMPTY_BODY = YES;
				CLANG_WARN_ENUM_CONVERSION = YES;
				CLANG_WARN_INT_CONVERSION = YES;
				CLANG_WARN_OBJC_ROOT_CLASS = YES_ERROR;
				CLANG_WARN_UNREACHABLE_CODE = YES;
				CLANG_WARN__DUPLICATE_METHOD_MATCH = YES;
				"CODE_SIGN_IDENTITY[sdk=iphoneos*]" = "iPhone Developer";
				COPY_PHASE_STRIP = NO;
				DEBUG_INFORMATION_FORMAT = "dwarf-with-dsym";
				ENABLE_NS_ASSERTIONS = NO;
				ENABLE_STRICT_OBJC_MSGSEND = YES;
				GCC_C_LANGUAGE_STANDARD = gnu99;
				GCC_NO_COMMON_BLOCKS = YES;
				GCC_WARN_64_TO_32_BIT_CONVERSION = YES;
				GCC_WARN_ABOUT_RETURN_TYPE = YES_ERROR;
				GCC_WARN_UNDECLARED_SELECTOR = YES;
				GCC_WARN_UNINITIALIZED_AUTOS = YES_AGGRESSIVE;
				GCC_WARN_UNUSED_FUNCTION = YES;
				GCC_WARN_UNUSED_VARIABLE = YES;
				IPHONEOS_DEPLOYMENT_TARGET = 9.2;
				MTL_ENABLE_DEBUG_INFO = NO;
				SDKROOT = iphoneos;
				TARGETED_DEVICE_FAMILY = "1,2";
				VALIDATE_PRODUCT = YES;
			};
			name = Release;
		};
		C334F4F31CA2EDC500FCDE74 /* Debug */ = {
			isa = XCBuildConfiguration;
			buildSettings = {
				ASSETCATALOG_COMPILER_APPICON_NAME = AppIcon;
				INFOPLIST_FILE = CollectionViewExampleProject/Info.plist;
				LD_RUNPATH_SEARCH_PATHS = "$(inherited) @executable_path/Frameworks";
				PRODUCT_BUNDLE_IDENTIFIER = None.CollectionViewExampleProject;
				PRODUCT_NAME = "$(TARGET_NAME)";
			};
			name = Debug;
		};
		C334F4F41CA2EDC500FCDE74 /* Release */ = {
			isa = XCBuildConfiguration;
			buildSettings = {
				ASSETCATALOG_COMPILER_APPICON_NAME = AppIcon;
				INFOPLIST_FILE = CollectionViewExampleProject/Info.plist;
				LD_RUNPATH_SEARCH_PATHS = "$(inherited) @executable_path/Frameworks";
				PRODUCT_BUNDLE_IDENTIFIER = None.CollectionViewExampleProject;
				PRODUCT_NAME = "$(TARGET_NAME)";
			};
			name = Release;
		};
		C334F4F61CA2EDC500FCDE74 /* Debug */ = {
			isa = XCBuildConfiguration;
			buildSettings = {
				BUNDLE_LOADER = "$(TEST_HOST)";
				INFOPLIST_FILE = CollectionViewExampleProjectTests/Info.plist;
				LD_RUNPATH_SEARCH_PATHS = "$(inherited) @executable_path/Frameworks @loader_path/Frameworks";
				PRODUCT_BUNDLE_IDENTIFIER = None.CollectionViewExampleProjectTests;
				PRODUCT_NAME = "$(TARGET_NAME)";
				TEST_HOST = "$(BUILT_PRODUCTS_DIR)/CollectionViewExampleProject.app/CollectionViewExampleProject";
			};
			name = Debug;
		};
		C334F4F71CA2EDC500FCDE74 /* Release */ = {
			isa = XCBuildConfiguration;
			buildSettings = {
				BUNDLE_LOADER = "$(TEST_HOST)";
				INFOPLIST_FILE = CollectionViewExampleProjectTests/Info.plist;
				LD_RUNPATH_SEARCH_PATHS = "$(inherited) @executable_path/Frameworks @loader_path/Frameworks";
				PRODUCT_BUNDLE_IDENTIFIER = None.CollectionViewExampleProjectTests;
				PRODUCT_NAME = "$(TARGET_NAME)";
				TEST_HOST = "$(BUILT_PRODUCTS_DIR)/CollectionViewExampleProject.app/CollectionViewExampleProject";
			};
			name = Release;
		};
		C334F4F91CA2EDC500FCDE74 /* Debug */ = {
			isa = XCBuildConfiguration;
			buildSettings = {
				INFOPLIST_FILE = CollectionViewExampleProjectUITests/Info.plist;
				LD_RUNPATH_SEARCH_PATHS = "$(inherited) @executable_path/Frameworks @loader_path/Frameworks";
				PRODUCT_BUNDLE_IDENTIFIER = None.CollectionViewExampleProjectUITests;
				PRODUCT_NAME = "$(TARGET_NAME)";
				TEST_TARGET_NAME = CollectionViewExampleProject;
				USES_XCTRUNNER = YES;
			};
			name = Debug;
		};
		C334F4FA1CA2EDC500FCDE74 /* Release */ = {
			isa = XCBuildConfiguration;
			buildSettings = {
				INFOPLIST_FILE = CollectionViewExampleProjectUITests/Info.plist;
				LD_RUNPATH_SEARCH_PATHS = "$(inherited) @executable_path/Frameworks @loader_path/Frameworks";
				PRODUCT_BUNDLE_IDENTIFIER = None.CollectionViewExampleProjectUITests;
				PRODUCT_NAME = "$(TARGET_NAME)";
				TEST_TARGET_NAME = CollectionViewExampleProject;
				USES_XCTRUNNER = YES;
			};
			name = Release;
		};
/* End XCBuildConfiguration section */

/* Begin XCConfigurationList section */
		C334F4C51CA2EDC500FCDE74 /* Build configuration list for PBXProject "CollectionViewExampleProject" */ = {
			isa = XCConfigurationList;
			buildConfigurations = (
				C334F4F01CA2EDC500FCDE74 /* Debug */,
				C334F4F11CA2EDC500FCDE74 /* Release */,
			);
			defaultConfigurationIsVisible = 0;
			defaultConfigurationName = Release;
		};
		C334F4F21CA2EDC500FCDE74 /* Build configuration list for PBXNativeTarget "CollectionViewExampleProject" */ = {
			isa = XCConfigurationList;
			buildConfigurations = (
				C334F4F31CA2EDC500FCDE74 /* Debug */,
				C334F4F41CA2EDC500FCDE74 /* Release */,
			);
			defaultConfigurationIsVisible = 0;
		};
		C334F4F51CA2EDC500FCDE74 /* Build configuration list for PBXNativeTarget "CollectionViewExampleProjectTests" */ = {
			isa = XCConfigurationList;
			buildConfigurations = (
				C334F4F61CA2EDC500FCDE74 /* Debug */,
				C334F4F71CA2EDC500FCDE74 /* Release */,
			);
			defaultConfigurationIsVisible = 0;
		};
		C334F4F81CA2EDC500FCDE74 /* Build configuration list for PBXNativeTarget "CollectionViewExampleProjectUITests" */ = {
			isa = XCConfigurationList;
			buildConfigurations = (
				C334F4F91CA2EDC500FCDE74 /* Debug */,
				C334F4FA1CA2EDC500FCDE74 /* Release */,
			);
			defaultConfigurationIsVisible = 0;
		};
/* End XCConfigurationList section */
	};
	rootObject = C334F4C21CA2EDC500FCDE74 /* Project object */;
}
